{
    "_readme": [
        "This file locks the dependencies of your project to a known state",
        "Read more about it at https://getcomposer.org/doc/01-basic-usage.md#installing-dependencies",
        "This file is @generated automatically"
    ],
    "content-hash": "76373497d28782be5a2a30490dc046a7",
    "packages": [
        {
            "name": "gkralik/php-uglifyjs",
            "version": "1.0.2",
            "source": {
                "type": "git",
                "url": "https://github.com/gkralik/php-uglifyjs.git",
                "reference": "0c63301bf131c6c0e48ef26cf40e65bf20936932"
            },
            "dist": {
                "type": "zip",
                "url": "https://api.github.com/repos/gkralik/php-uglifyjs/zipball/0c63301bf131c6c0e48ef26cf40e65bf20936932",
                "reference": "0c63301bf131c6c0e48ef26cf40e65bf20936932",
                "shasum": "",
                "mirrors": [
                    {
                        "url": "https://mirrors.aliyun.com/composer/dists/%package%/%reference%.%type%",
                        "preferred": true
                    }
                ]
            },
            "type": "library",
            "autoload": {
                "psr-4": {
                    "GK\\": "lib/"
                }
            },
            "notification-url": "https://packagist.org/downloads/",
            "license": [
                "LGPL-2.1-or-later"
            ],
            "authors": [
                {
                    "name": "Gregor Kralik",
                    "email": "g.kralik@gmail.com"
                }
            ],
            "description": "PHP Javascript packer",
            "time": "2019-10-03T11:54:22+00:00"
        },
        {
            "name": "overtrue/pinyin",
            "version": "3.0.6",
            "source": {
                "type": "git",
                "url": "https://github.com/overtrue/pinyin.git",
                "reference": "3b781d267197b74752daa32814d3a2cf5d140779"
            },
            "dist": {
                "type": "zip",
                "url": "https://api.github.com/repos/overtrue/pinyin/zipball/3b781d267197b74752daa32814d3a2cf5d140779",
                "reference": "3b781d267197b74752daa32814d3a2cf5d140779",
                "shasum": "",
                "mirrors": [
                    {
                        "url": "https://mirrors.aliyun.com/composer/dists/%package%/%reference%.%type%",
                        "preferred": true
                    }
                ]
            },
            "require": {
                "php": ">=5.3"
            },
            "require-dev": {
                "phpunit/phpunit": "~4.8"
            },
            "type": "library",
            "autoload": {
                "psr-4": {
                    "Overtrue\\Pinyin\\": "src/"
                }
            },
            "notification-url": "https://packagist.org/downloads/",
            "license": [
                "MIT"
            ],
            "authors": [
                {
                    "name": "Carlos",
                    "homepage": "http://github.com/overtrue"
                }
            ],
            "description": "Chinese to pinyin translator.",
            "homepage": "https://github.com/overtrue/pinyin",
            "keywords": [
                "Chinese",
                "Pinyin",
                "cn2pinyin"
            ],
            "time": "2017-07-10T07:20:01+00:00"
        },
        {
            "name": "xltxlm/arr",
            "version": "dev-master",
            "source": {
                "type": "git",
                "url": "https://github.com/xltxlm/Arr.git",
                "reference": "8c56e1843e5090bea52b37d1cc3af39e86e33591"
            },
            "dist": {
                "type": "zip",
                "url": "https://api.github.com/repos/xltxlm/Arr/zipball/8c56e1843e5090bea52b37d1cc3af39e86e33591",
                "reference": "8c56e1843e5090bea52b37d1cc3af39e86e33591",
                "shasum": "",
                "mirrors": [
                    {
                        "url": "https://mirrors.aliyun.com/composer/dists/%package%/%reference%.%type%",
                        "preferred": true
                    }
                ]
            },
            "require": {
                "php": "~7.1"
            },
            "type": "library",
            "autoload": {
                "psr-4": {
                    "xltxlm\\arr\\": [
                        "src/",
                        "./"
                    ]
                }
            },
            "notification-url": "https://packagist.org/downloads/",
            "authors": [
                {
                    "name": "copygithub",
                    "email": "xltxlm@qq.com"
                }
            ],
            "description": "数组的相关处理类",
            "time": "2018-11-15T06:18:04+00:00"
        },
        {
            "name": "xltxlm/classinfo",
            "version": "dev-master",
            "source": {
                "type": "git",
                "url": "https://github.com/xltxlm/Classinfo.git",
                "reference": "80ba708d1c8c777d17cddf7f115b9b045fcd3438"
            },
            "dist": {
                "type": "zip",
                "url": "https://api.github.com/repos/xltxlm/Classinfo/zipball/80ba708d1c8c777d17cddf7f115b9b045fcd3438",
                "reference": "80ba708d1c8c777d17cddf7f115b9b045fcd3438",
                "shasum": "",
                "mirrors": [
                    {
                        "url": "https://mirrors.aliyun.com/composer/dists/%package%/%reference%.%type%",
                        "preferred": true
                    }
                ]
            },
            "require": {
                "php": ">=7.1",
                "xltxlm/str": "@dev"
            },
            "type": "library",
            "autoload": {
                "psr-4": {
                    "xltxlm\\classinfo\\": [
                        "src/",
                        "./"
                    ]
                }
            },
            "notification-url": "https://packagist.org/downloads/",
            "authors": [
                {
                    "name": "copygithub",
                    "email": "xltxlm@qq.com"
                }
            ],
            "time": "2018-12-03T05:20:45+00:00"
        },
        {
            "name": "xltxlm/fileinfo",
            "version": "dev-master",
            "source": {
                "type": "git",
                "url": "https://github.com/xltxlm/Fileinfo.git",
                "reference": "f4e10e237f029a09e25aa2106ef6a22f1a306d48"
            },
            "dist": {
                "type": "zip",
                "url": "https://api.github.com/repos/xltxlm/Fileinfo/zipball/f4e10e237f029a09e25aa2106ef6a22f1a306d48",
                "reference": "f4e10e237f029a09e25aa2106ef6a22f1a306d48",
                "shasum": "",
                "mirrors": [
                    {
                        "url": "https://mirrors.aliyun.com/composer/dists/%package%/%reference%.%type%",
                        "preferred": true
                    }
                ]
            },
            "require": {
                "php": ">=7.2"
            },
            "type": "library",
            "autoload": {
                "psr-4": {
                    "xltxlm\\fileinfo\\": [
                        "src/",
                        "./"
                    ]
                }
            },
            "notification-url": "https://packagist.org/downloads/",
            "authors": [
                {
                    "name": "copygithub",
                    "email": "xltxlm@qq.com"
                }
            ],
            "time": "2020-07-09T07:23:22+00:00"
        },
        {
            "name": "xltxlm/str",
            "version": "dev-master",
            "source": {
                "type": "git",
                "url": "https://github.com/xltxlm/Str.git",
                "reference": "99b71932f4b16b4060f5bee14853e7a2954bc141"
            },
            "dist": {
                "type": "zip",
                "url": "https://api.github.com/repos/xltxlm/Str/zipball/99b71932f4b16b4060f5bee14853e7a2954bc141",
                "reference": "99b71932f4b16b4060f5bee14853e7a2954bc141",
                "shasum": "",
                "mirrors": [
                    {
                        "url": "https://mirrors.aliyun.com/composer/dists/%package%/%reference%.%type%",
                        "preferred": true
                    }
                ]
            },
            "require": {
                "overtrue/pinyin": "~3.0",
                "php": ">=7.1",
                "xltxlm/arr": "@dev"
            },
            "type": "library",
            "autoload": {
                "psr-4": {
                    "xltxlm\\str\\": [
                        "src/",
                        "./"
                    ]
                }
            },
            "notification-url": "https://packagist.org/downloads/",
            "authors": [
                {
                    "name": "copygithub",
                    "email": "xltxlm@qq.com"
                }
            ],
            "time": "2019-09-10T06:40:25+00:00"
        },
        {
            "name": "xltxlm/url",
            "version": "dev-master",
            "source": {
                "type": "git",
                "url": "https://github.com/xltxlm/Url.git",
                "reference": "e6c0789ff4e0e3b2b6ac11e80da8c01bc80bd0f7"
            },
            "dist": {
                "type": "zip",
                "url": "https://api.github.com/repos/xltxlm/Url/zipball/e6c0789ff4e0e3b2b6ac11e80da8c01bc80bd0f7",
                "reference": "e6c0789ff4e0e3b2b6ac11e80da8c01bc80bd0f7",
                "shasum": "",
                "mirrors": [
                    {
                        "url": "https://mirrors.aliyun.com/composer/dists/%package%/%reference%.%type%",
                        "preferred": true
                    }
                ]
            },
            "require": {
                "php": ">=7.1"
            },
            "type": "library",
            "autoload": {
                "psr-4": {
                    "xltxlm\\url\\": [
                        "src/",
                        "./"
                    ]
                }
            },
            "notification-url": "https://packagist.org/downloads/",
            "authors": [
                {
                    "name": "copygithub",
                    "email": "xltxlm@qq.com"
                }
            ],
            "description": "网址的相关处理",
            "time": "2018-11-27T03:37:29+00:00"
        }
    ],
    "packages-dev": [
        {
            "name": "bupt1987/html-parser",
            "version": "dev-master",
            "source": {
                "type": "git",
                "url": "https://github.com/bupt1987/html-parser.git",
                "reference": "9e5fac05b9354eee16bfc84058c73c5e2b1f84a3"
            },
            "dist": {
                "type": "zip",
                "url": "https://api.github.com/repos/bupt1987/html-parser/zipball/9e5fac05b9354eee16bfc84058c73c5e2b1f84a3",
                "reference": "9e5fac05b9354eee16bfc84058c73c5e2b1f84a3",
                "shasum": "",
                "mirrors": [
                    {
                        "url": "https://mirrors.aliyun.com/composer/dists/%package%/%reference%.%type%",
                        "preferred": true
                    }
                ]
            },
            "require": {
                "php": ">=5.5"
            },
            "require-dev": {
                "phpunit/phpunit": "^4.8"
            },
            "type": "library",
            "autoload": {
                "psr-4": {
                    "HtmlParser\\": "src/"
                }
            },
            "notification-url": "https://packagist.org/downloads/",
            "license": [
                "MIT"
            ],
            "authors": [
                {
                    "name": "俊杰jerry",
                    "email": "bupt1987@gmail.com",
                    "homepage": "http://bupt1987.github.io",
                    "role": "Developer"
                }
            ],
            "description": "Html Parser",
            "homepage": "https://github.com/bupt1987/html-parser",
            "time": "2019-08-17T08:35:45+00:00"
        }
    ],
    "aliases": [],
    "minimum-stability": "dev",
    "stability-flags": {
        "xltxlm/fileinfo": 20,
        "xltxlm/url": 20,
        "xltxlm/str": 20,
        "xltxlm/classinfo": 20,
        "bupt1987/html-parser": 20
    },
    "prefer-stable": false,
    "prefer-lowest": false,
    "platform": {
        "php": ">=7.1"
    },
    "platform-dev": []
}
